
Microsoft Visual Studio Solution File, Format Version 12.00
# Visual Studio 15
VisualStudioVersion = 15.0.28010.2026
MinimumVisualStudioVersion = 10.0.40219.1
Project("{FAE04EC0-301F-11D3-BF4B-00C04F79EFBC}") = "GraMonolityczna", "GraMonolityczna\GraMonolityczna.csproj", "{EBF15968-DC7D-4A73-B8C6-9047A795B2EF}"
EndProject
Global
	GlobalSection(SolutionConfigurationPlatforms) = preSolution
		Debug|Any CPU = Debug|Any CPU
		Release|Any CPU = Release|Any CPU
	EndGlobalSection
	GlobalSection(ProjectConfigurationPlatforms) = postSolution
		{EBF15968-DC7D-4A73-B8C6-9047A795B2EF}.Debug|Any CPU.ActiveCfg = Debug|Any CPU
		{EBF15968-DC7D-4A73-B8C6-9047A795B2EF}.Debug|Any CPU.Build.0 = Debug|Any CPU
		{EBF15968-DC7D-4A73-B8C6-9047A795B2EF}.Release|Any CPU.ActiveCfg = Release|Any CPU
		{EBF15968-DC7D-4A73-B8C6-9047A795B2EF}.Release|Any CPU.Build.0 = Release|Any CPU
	EndGlobalSection
	GlobalSection(SolutionProperties) = preSolution
		HideSolutionNode = FALSE
	EndGlobalSection
	GlobalSection(ExtensibilityGlobals) = postSolution
		SolutionGuid = {9D2BA001-DF82-46C6-9EE6-492A2E863FFF}
	EndGlobalSection
EndGlobal
